
Microsoft Visual Studio Solution File, Format Version 12.00
# Visual Studio Version 17
VisualStudioVersion = 17.1.32407.343
MinimumVisualStudioVersion = 10.0.40219.1
Project("{FAE04EC0-301F-11D3-BF4B-00C04F79EFBC}") = "Lab5_FactorialCalculator", "Lab5_FactorialCalculator\Lab5_FactorialCalculator.csproj", "{5003E724-36D0-497A-A659-715506CCC761}"
EndProject
Global
	GlobalSection(SolutionConfigurationPlatforms) = preSolution
		Debug|Any CPU = Debug|Any CPU
		Release|Any CPU = Release|Any CPU
	EndGlobalSection
	GlobalSection(ProjectConfigurationPlatforms) = postSolution
		{5003E724-36D0-497A-A659-715506CCC761}.Debug|Any CPU.ActiveCfg = Debug|Any CPU
		{5003E724-36D0-497A-A659-715506CCC761}.Debug|Any CPU.Build.0 = Debug|Any CPU
		{5003E724-36D0-497A-A659-715506CCC761}.Release|Any CPU.ActiveCfg = Release|Any CPU
		{5003E724-36D0-497A-A659-715506CCC761}.Release|Any CPU.Build.0 = Release|Any CPU
	EndGlobalSection
	GlobalSection(SolutionProperties) = preSolution
		HideSolutionNode = FALSE
	EndGlobalSection
	GlobalSection(ExtensibilityGlobals) = postSolution
		SolutionGuid = {BC9A7EDB-69DB-4D65-9B0F-84E7786FCA1E}
	EndGlobalSection
EndGlobal
